
Microsoft Visual Studio Solution File, Format Version 12.00
# Visual Studio 15
VisualStudioVersion = 15.0.27130.2024
MinimumVisualStudioVersion = 10.0.40219.1
Project("{FAE04EC0-301F-11D3-BF4B-00C04F79EFBC}") = "p01_Greeting", "p01_Greeting\p01_Greeting.csproj", "{1C632969-9946-4B8D-978C-A16059FF8D32}"
EndProject
Project("{FAE04EC0-301F-11D3-BF4B-00C04F79EFBC}") = "p02_AddTwoNumbers", "p02_AddTwoNumbers\p02_AddTwoNumbers.csproj", "{D5F341F5-4A59-4D2E-83C8-74B1217633A3}"
EndProject
Project("{FAE04EC0-301F-11D3-BF4B-00C04F79EFBC}") = "p03_EmployeeData", "p03_EmployeeData\p03_EmployeeData.csproj", "{7D90FC28-667A-4353-A93F-3319ECB5452D}"
EndProject
Global
	GlobalSection(SolutionConfigurationPlatforms) = preSolution
		Debug|Any CPU = Debug|Any CPU
		Release|Any CPU = Release|Any CPU
	EndGlobalSection
	GlobalSection(ProjectConfigurationPlatforms) = postSolution
		{1C632969-9946-4B8D-978C-A16059FF8D32}.Debug|Any CPU.ActiveCfg = Debug|Any CPU
		{1C632969-9946-4B8D-978C-A16059FF8D32}.Debug|Any CPU.Build.0 = Debug|Any CPU
		{1C632969-9946-4B8D-978C-A16059FF8D32}.Release|Any CPU.ActiveCfg = Release|Any CPU
		{1C632969-9946-4B8D-978C-A16059FF8D32}.Release|Any CPU.Build.0 = Release|Any CPU
		{D5F341F5-4A59-4D2E-83C8-74B1217633A3}.Debug|Any CPU.ActiveCfg = Debug|Any CPU
		{D5F341F5-4A59-4D2E-83C8-74B1217633A3}.Debug|Any CPU.Build.0 = Debug|Any CPU
		{D5F341F5-4A59-4D2E-83C8-74B1217633A3}.Release|Any CPU.ActiveCfg = Release|Any CPU
		{D5F341F5-4A59-4D2E-83C8-74B1217633A3}.Release|Any CPU.Build.0 = Release|Any CPU
		{7D90FC28-667A-4353-A93F-3319ECB5452D}.Debug|Any CPU.ActiveCfg = Debug|Any CPU
		{7D90FC28-667A-4353-A93F-3319ECB5452D}.Debug|Any CPU.Build.0 = Debug|Any CPU
		{7D90FC28-667A-4353-A93F-3319ECB5452D}.Release|Any CPU.ActiveCfg = Release|Any CPU
		{7D90FC28-667A-4353-A93F-3319ECB5452D}.Release|Any CPU.Build.0 = Release|Any CPU
	EndGlobalSection
	GlobalSection(SolutionProperties) = preSolution
		HideSolutionNode = FALSE
	EndGlobalSection
	GlobalSection(ExtensibilityGlobals) = postSolution
		SolutionGuid = {09D30F5D-C53B-4033-9878-873E5809CB45}
	EndGlobalSection
EndGlobal
