
Microsoft Visual Studio Solution File, Format Version 12.00
# Visual Studio 15
VisualStudioVersion = 15.0.27130.2024
MinimumVisualStudioVersion = 10.0.40219.1
Project("{FAE04EC0-301F-11D3-BF4B-00C04F79EFBC}") = "p01_DebitCardNumber", "p01_DebitCardNumber\p01_DebitCardNumber.csproj", "{A7C6CEA3-A101-48B2-8861-00EB1EE3C97C}"
EndProject
Project("{FAE04EC0-301F-11D3-BF4B-00C04F79EFBC}") = "p02_RectangleArea", "p02_RectangleArea\p02_RectangleArea.csproj", "{5A66A9C9-5C18-4ADC-B618-FEF186546D4B}"
EndProject
Project("{FAE04EC0-301F-11D3-BF4B-00C04F79EFBC}") = "p03_MilesToKilometers", "p03_MilesToKilometers\p03_MilesToKilometers.csproj", "{A8B264B2-4F22-4F1A-8761-85691BADF11C}"
EndProject
Project("{FAE04EC0-301F-11D3-BF4B-00C04F79EFBC}") = "p04_BeverageLabels", "p04_BeverageLabels\p04_BeverageLabels.csproj", "{951C86A6-1110-4AE3-AD91-155AD9A2E9C9}"
EndProject
Project("{FAE04EC0-301F-11D3-BF4B-00C04F79EFBC}") = "p05_CharacterStats", "p05_CharacterStats\p05_CharacterStats.csproj", "{2A7A95EB-F44B-4176-A5F6-5BD51B934FB8}"
EndProject
Global
	GlobalSection(SolutionConfigurationPlatforms) = preSolution
		Debug|Any CPU = Debug|Any CPU
		Release|Any CPU = Release|Any CPU
	EndGlobalSection
	GlobalSection(ProjectConfigurationPlatforms) = postSolution
		{A7C6CEA3-A101-48B2-8861-00EB1EE3C97C}.Debug|Any CPU.ActiveCfg = Debug|Any CPU
		{A7C6CEA3-A101-48B2-8861-00EB1EE3C97C}.Debug|Any CPU.Build.0 = Debug|Any CPU
		{A7C6CEA3-A101-48B2-8861-00EB1EE3C97C}.Release|Any CPU.ActiveCfg = Release|Any CPU
		{A7C6CEA3-A101-48B2-8861-00EB1EE3C97C}.Release|Any CPU.Build.0 = Release|Any CPU
		{5A66A9C9-5C18-4ADC-B618-FEF186546D4B}.Debug|Any CPU.ActiveCfg = Debug|Any CPU
		{5A66A9C9-5C18-4ADC-B618-FEF186546D4B}.Debug|Any CPU.Build.0 = Debug|Any CPU
		{5A66A9C9-5C18-4ADC-B618-FEF186546D4B}.Release|Any CPU.ActiveCfg = Release|Any CPU
		{5A66A9C9-5C18-4ADC-B618-FEF186546D4B}.Release|Any CPU.Build.0 = Release|Any CPU
		{A8B264B2-4F22-4F1A-8761-85691BADF11C}.Debug|Any CPU.ActiveCfg = Debug|Any CPU
		{A8B264B2-4F22-4F1A-8761-85691BADF11C}.Debug|Any CPU.Build.0 = Debug|Any CPU
		{A8B264B2-4F22-4F1A-8761-85691BADF11C}.Release|Any CPU.ActiveCfg = Release|Any CPU
		{A8B264B2-4F22-4F1A-8761-85691BADF11C}.Release|Any CPU.Build.0 = Release|Any CPU
		{951C86A6-1110-4AE3-AD91-155AD9A2E9C9}.Debug|Any CPU.ActiveCfg = Debug|Any CPU
		{951C86A6-1110-4AE3-AD91-155AD9A2E9C9}.Debug|Any CPU.Build.0 = Debug|Any CPU
		{951C86A6-1110-4AE3-AD91-155AD9A2E9C9}.Release|Any CPU.ActiveCfg = Release|Any CPU
		{951C86A6-1110-4AE3-AD91-155AD9A2E9C9}.Release|Any CPU.Build.0 = Release|Any CPU
		{2A7A95EB-F44B-4176-A5F6-5BD51B934FB8}.Debug|Any CPU.ActiveCfg = Debug|Any CPU
		{2A7A95EB-F44B-4176-A5F6-5BD51B934FB8}.Debug|Any CPU.Build.0 = Debug|Any CPU
		{2A7A95EB-F44B-4176-A5F6-5BD51B934FB8}.Release|Any CPU.ActiveCfg = Release|Any CPU
		{2A7A95EB-F44B-4176-A5F6-5BD51B934FB8}.Release|Any CPU.Build.0 = Release|Any CPU
	EndGlobalSection
	GlobalSection(SolutionProperties) = preSolution
		HideSolutionNode = FALSE
	EndGlobalSection
	GlobalSection(ExtensibilityGlobals) = postSolution
		SolutionGuid = {C1B37A42-29CD-4971-B381-2192B63D927F}
	EndGlobalSection
EndGlobal
